
Microsoft Visual Studio Solution File, Format Version 12.00
# Visual Studio Version 17
VisualStudioVersion = 17.7.34031.279
MinimumVisualStudioVersion = 10.0.40219.1
Project("{FAE04EC0-301F-11D3-BF4B-00C04F79EFBC}") = "WebApplication2", "WebApplication2.csproj", "{D138056E-A338-4842-A042-47B86D3B37BA}"
EndProject
Global
	GlobalSection(SolutionConfigurationPlatforms) = preSolution
		Debug|Any CPU = Debug|Any CPU
		Release|Any CPU = Release|Any CPU
	EndGlobalSection
	GlobalSection(ProjectConfigurationPlatforms) = postSolution
		{D138056E-A338-4842-A042-47B86D3B37BA}.Debug|Any CPU.ActiveCfg = Debug|Any CPU
		{D138056E-A338-4842-A042-47B86D3B37BA}.Debug|Any CPU.Build.0 = Debug|Any CPU
		{D138056E-A338-4842-A042-47B86D3B37BA}.Release|Any CPU.ActiveCfg = Release|Any CPU
		{D138056E-A338-4842-A042-47B86D3B37BA}.Release|Any CPU.Build.0 = Release|Any CPU
	EndGlobalSection
	GlobalSection(SolutionProperties) = preSolution
		HideSolutionNode = FALSE
	EndGlobalSection
	GlobalSection(ExtensibilityGlobals) = postSolution
		SolutionGuid = {7F8DBD1F-6B77-4489-B846-42EC70F05885}
	EndGlobalSection
EndGlobal
